
Microsoft Visual Studio Solution File, Format Version 12.00
# Visual Studio 15
Project("{FAE04EC0-301F-11D3-BF4B-00C04F79EFBC}") = "Lab_2", "Lab_2.csproj", "{7C6FE178-6DE0-4824-8D40-921C6BC6BE8B}"
EndProject
Global
	GlobalSection(SolutionConfigurationPlatforms) = preSolution
		Debug|Any CPU = Debug|Any CPU
		Release|Any CPU = Release|Any CPU
	EndGlobalSection
	GlobalSection(ProjectConfigurationPlatforms) = postSolution
		{7C6FE178-6DE0-4824-8D40-921C6BC6BE8B}.Debug|Any CPU.ActiveCfg = Debug|Any CPU
		{7C6FE178-6DE0-4824-8D40-921C6BC6BE8B}.Debug|Any CPU.Build.0 = Debug|Any CPU
		{7C6FE178-6DE0-4824-8D40-921C6BC6BE8B}.Release|Any CPU.ActiveCfg = Release|Any CPU
		{7C6FE178-6DE0-4824-8D40-921C6BC6BE8B}.Release|Any CPU.Build.0 = Release|Any CPU
	EndGlobalSection
EndGlobal
