
Microsoft Visual Studio Solution File, Format Version 12.00
# Visual Studio Version 16
VisualStudioVersion = 16.0.808.0
MinimumVisualStudioVersion = 10.0.40219.1
Project("{FAE04EC0-301F-11D3-BF4B-00C04F79EFBC}") = "Lab_4", "Lab_4\Lab_4.csproj", "{7080A3A4-7275-446D-BEE5-F0C6FCD15D34}"
EndProject
Global
	GlobalSection(SolutionConfigurationPlatforms) = preSolution
		Debug|Any CPU = Debug|Any CPU
		Release|Any CPU = Release|Any CPU
	EndGlobalSection
	GlobalSection(ProjectConfigurationPlatforms) = postSolution
		{7080A3A4-7275-446D-BEE5-F0C6FCD15D34}.Debug|Any CPU.ActiveCfg = Debug|Any CPU
		{7080A3A4-7275-446D-BEE5-F0C6FCD15D34}.Debug|Any CPU.Build.0 = Debug|Any CPU
		{7080A3A4-7275-446D-BEE5-F0C6FCD15D34}.Release|Any CPU.ActiveCfg = Release|Any CPU
		{7080A3A4-7275-446D-BEE5-F0C6FCD15D34}.Release|Any CPU.Build.0 = Release|Any CPU
	EndGlobalSection
	GlobalSection(SolutionProperties) = preSolution
		HideSolutionNode = FALSE
	EndGlobalSection
	GlobalSection(ExtensibilityGlobals) = postSolution
		SolutionGuid = {6581E2DE-3C97-401A-A043-BE6E23F06E4C}
	EndGlobalSection
EndGlobal
